{
    "_meta": {
        "hash": {
            "sha256": "44e2a66aeed6729c59f6d20a5f4d611ed6ad9a7d8911b2c771a5bef80be48bf9"
        },
        "host-environment-markers": {
            "implementation_name": "cpython",
            "implementation_version": "3.6.5",
            "os_name": "posix",
            "platform_machine": "x86_64",
            "platform_python_implementation": "CPython",
            "platform_release": "4.15.0-33-generic",
            "platform_system": "Linux",
            "platform_version": "#36-Ubuntu SMP Wed Aug 15 16:00:05 UTC 2018",
            "python_full_version": "3.6.5",
            "python_version": "3.6",
            "sys_platform": "linux"
        },
        "pipfile-spec": 6,
        "requires": {},
        "sources": [
            {
                "name": "pypi",
                "url": "https://pypi.python.org/simple",
                "verify_ssl": true
            }
        ]
    },
    "default": {
        "backcall": {
            "hashes": [
                "sha256:38ecd85be2c1e78f77fd91700c76e14667dc21e2713b63876c0eb901196e01e4",
                "sha256:bbbf4b1e5cd2bdb08f915895b51081c041bac22394fdfcfdfbe9f14b77c08bf2"
            ],
            "version": "==0.1.0"
        },
        "bleach": {
            "hashes": [
                "sha256:24754b9a7d530bf30ce7cbc805bc6cce785660b4a10ff3a43633728438c105ab",
                "sha256:0ee95f6167129859c5dce9b1ca291ebdb5d8cd7e382ca0e237dfd0dad63f63d8"
            ],
            "version": "==2.1.4"
        },
        "certifi": {
            "hashes": [
                "sha256:456048c7e371c089d0a77a5212fb37a2c2dce1e24146e3b7e0261736aaeaa22a",
                "sha256:376690d6f16d32f9d1fe8932551d80b23e9d393a8578c5633a2ed39a64861638"
            ],
            "version": "==2018.8.24"
        },
        "chardet": {
            "hashes": [
                "sha256:fc323ffcaeaed0e0a02bf4d117757b98aed530d9ed4531e3e15460124c106691",
                "sha256:84ab92ed1c4d4f16916e05906b6b75a6c0fb5db821cc65e70cbd64a3e2a5eaae"
            ],
            "version": "==3.0.4"
        },
        "cycler": {
            "hashes": [
                "sha256:1d8a5ae1ff6c5cf9b93e8811e581232ad8920aeec647c37316ceac982b08cb2d",
                "sha256:cd7b2d1018258d7247a71425e9f26463dfb444d411c39569972f4ce586b0c9d8"
            ],
            "version": "==0.10.0"
        },
        "cython": {
            "hashes": [
                "sha256:13c73e2ffa93a615851e03fad97591954d143b5b62361b9adef81f46a31cd8ef",
                "sha256:9ec27681c5b1b457aacb1cbda5db04aa28b76da2af6e1e1fd15f233eafe6a0b0",
                "sha256:13eab5a2835a84ff62db343035603044c908d2b3b6eec09d67fdf9970acf7ac9",
                "sha256:022592d419fc754509d0e0461eb2958dbaa45fb60d51c8a61778c58994edbe36",
                "sha256:ae4784f040a3313c8bd00c8d04934b7ade63dc59692d8f00a5235be8ed72a445",
                "sha256:e22f21cf92a9f8f007a280e3b3462c886d9068132a6c698dec10ad6125e3ca1e",
                "sha256:b2ba8310ebd3c0e0b884d5e95bbd99d467d6af922acd1e44fe4b819839b2150e",
                "sha256:ef86de9299e4ab2ebb129fb84b886bf40b9aced9807c6d6d5f28b46fb905f82c",
                "sha256:183b35a48f58862c4ec1e821f07bb7b1156c8c8559c85c32ae086f28947474eb",
                "sha256:693a8619ef066ece055ed065a15cf440f9d3ebd1bca60e87ea19144833756433",
                "sha256:87e57b5d730cfab225d95e7b23abbc0c6f77598bd66639e93c73ce8afbae6f38",
                "sha256:07659f4c57582104d9486c071de512fbd7e087a3a630535298442cc0e20a3f5a",
                "sha256:cdbb917e41220bd3812234dbe59d15391adbc2c5d91ae11a5273aab9e32ba7ec",
                "sha256:32de8637f5e6c5a76667bc7c8fc644bd9314dc19af36db8ce30a0b92ada0f642",
                "sha256:660eeb6870687fd3eda91e00ba4e72220545c254c8c4d967fd0c910f4fbb8cbc",
                "sha256:9400e5db8383346b0694a3e794d8bded18a27b21123516dcdf4b79d7ec28e98b",
                "sha256:ee7a9614d51fe16e32ca5befe72e0808baff481791728449d0b17c8b0fe29eb9",
                "sha256:827d3a91b7a7c31ce69e5974496fd9a8ba28eb498b988affb66d0d30de11d934",
                "sha256:ea5c16c48e561f4a6f6b8c24807494b77a79e156b8133521c400f22ca712101b",
                "sha256:4172c183ef4fb2ace6a29cdf7fc9200c5a471a7f775ff691975b774bd9ed3ad2",
                "sha256:c78ad0df75a9fc03ab28ca1b950c893a208c451a18f76796c3e25817d6994001",
                "sha256:d2223a80c623e2a8e97953ab945dfaa9385750a494438dcb55562eb1ddd9565a",
                "sha256:553956ec06ecbd731ef0c538eb28a5b46bedea7ab89b18237ff28b4b99d65eee",
                "sha256:2f526b0887128bf20ab2acc905a975f62b5a04ab2f63ecbe5a30fc28285d0e0c",
                "sha256:f3e4860f5458a9875caa3de65e255720c0ed2ce71f0bcdab02497b32104f9db8",
                "sha256:759c799e9ef418f163b5412e295e14c0a48fe3b4dcba9ab8aab69e9f511cfefd",
                "sha256:fc6c20a8ac22202a779ad4c59756647be0826993d2151a03c015e76d2368ae5f",
                "sha256:b64575241f64f6ec005a4d4137339fb0ba5e156e826db2fdb5f458060d9979e0"
            ],
            "version": "==0.28.5"
        },
        "decorator": {
            "hashes": [
                "sha256:2c51dff8ef3c447388fe5e4453d24a2bf128d3a4c32af3fabef1f01c6851ab82",
                "sha256:c39efa13fbdeb4506c476c9b3babf6a718da943dab7811c206005a4a956c080c"
            ],
            "version": "==4.3.0"
        },
        "entrypoints": {
            "hashes": [
                "sha256:10ad569bb245e7e2ba425285b9fa3e8178a0dc92fc53b1e1c553805e15a8825b",
                "sha256:d2d587dde06f99545fb13a383d2cd336a8ff1f359c5839ce3a64c917d10c029f"
            ],
            "version": "==0.2.3"
        },
        "html5lib": {
            "hashes": [
                "sha256:20b159aa3badc9d5ee8f5c647e5efd02ed2a66ab8d354930bd9ff139fc1dc0a3",
                "sha256:66cb0dcfdbbc4f9c3ba1a63fdb511ffdbd4f513b2b6d81b80cd26ce6b3fb3736"
            ],
            "version": "==1.0.1"
        },
        "idna": {
            "hashes": [
                "sha256:156a6814fb5ac1fc6850fb002e0852d56c0c8d2531923a51032d1b70760e186e",
                "sha256:684a38a6f903c1d71d6d5fac066b58d7768af4de2b832e426ec79c30daa94a16"
            ],
            "version": "==2.7"
        },
        "ipykernel": {
            "hashes": [
                "sha256:00d88b7e628e4e893359119b894451611214bce09776a3bf8248fe42cb48ada6",
                "sha256:a706b975376efef98b70e10cd167ab9506cf08a689d689a3c7daf344c15040f6",
                "sha256:c5a498c70f7765c34f3397cf943b069057f5bef4e0218e4cfbb733e9f38fa5fa"
            ],
            "version": "==4.9.0"
        },
        "ipython": {
            "hashes": [
                "sha256:007dcd929c14631f83daff35df0147ea51d1af420da303fd078343878bd5fb62",
                "sha256:b0f2ef9eada4a68ef63ee10b6dde4f35c840035c50fd24265f8052c98947d5a4"
            ],
            "markers": "python_version >= '3.3'",
            "version": "==6.5.0"
        },
        "ipython-genutils": {
            "hashes": [
                "sha256:72dd37233799e619666c9f639a9da83c34013a73e8bbc79a7a6348d93c61fab8",
                "sha256:eb2e116e75ecef9d4d228fdc66af54269afa26ab4463042e33785b887c628ba8"
            ],
            "version": "==0.2.0"
        },
        "ipyvolume": {
            "hashes": [
                "sha256:a4e570305655c9c213bf7dbee869192692cee6cdc809a713c192ff57b15a3189"
            ],
            "version": "==0.4.6"
        },
        "ipywebrtc": {
            "hashes": [
                "sha256:4812578f74252607c8e3fbd272fd86875461a37f861f15f44061b3446dab7bc4"
            ],
            "version": "==0.4.0"
        },
        "ipywidgets": {
            "hashes": [
                "sha256:d2bea16c0f08df978f63b58c9e91ac4c4bcc0ba5f90ca9a34c310678597542c3",
                "sha256:ba46e7228b951191c2288478a6f321c67013c0674aff074c8ad32a9723729e1d"
            ],
            "version": "==7.4.1"
        },
        "jedi": {
            "hashes": [
                "sha256:c254b135fb39ad76e78d4d8f92765ebc9bf92cbc76f49e97ade1d5f5121e1f6f",
                "sha256:b409ed0f6913a701ed474a614a3bb46e6953639033e31f769ca7581da5bd1ec1"
            ],
            "version": "==0.12.1"
        },
        "jinja2": {
            "hashes": [
                "sha256:74c935a1b8bb9a3947c50a54766a969d4846290e1e788ea44c1392163723c3bd",
                "sha256:f84be1bb0040caca4cea721fcbbbbd61f9be9464ca236387158b0feea01914a4"
            ],
            "version": "==2.10"
        },
        "jsonschema": {
            "hashes": [
                "sha256:000e68abd33c972a5248544925a0cae7d1125f9bf6c58280d37546b946769a08",
                "sha256:6ff5f3180870836cae40f06fa10419f557208175f13ad7bc26caa77beb1f6e02"
            ],
            "version": "==2.6.0"
        },
        "jupyter-client": {
            "hashes": [
                "sha256:59e6d791e22a8002ad0e80b78c6fd6deecab4f9e1b1aa1a22f4213de271b29ea",
                "sha256:27befcf0446b01e29853014d6a902dd101ad7d7f94e2252b1adca17c3466b761"
            ],
            "version": "==5.2.3"
        },
        "jupyter-core": {
            "hashes": [
                "sha256:927d713ffa616ea11972534411544589976b2493fc7e09ad946e010aa7eb9970",
                "sha256:ba70754aa680300306c699790128f6fbd8c306ee5927976cbe48adacf240c0b7"
            ],
            "version": "==4.4.0"
        },
        "jupyterlab": {
            "hashes": [
                "sha256:86854ad08e10aac67d2092051caba7831600c75df8c8ded3e0ddf96861242048",
                "sha256:a85dcbf06febeaaaeace5a324e672e380738ac98c088792f675bef94420f23e2"
            ],
            "version": "==0.34.7"
        },
        "jupyterlab-launcher": {
            "hashes": [
                "sha256:bd91a0938d415fed3a9214aa918a66dd90ccff0c5b59c8a73134b1e6afd857c6",
                "sha256:f880eada0b8b1f524d5951dc6fcae0d13b169897fc8a247d75fb5beadd69c5f0"
            ],
            "version": "==0.13.1"
        },
        "kiwisolver": {
            "hashes": [
                "sha256:8b6a7b596ce1d2a6d93c3562f1178ebd3b7bb445b3b0dd33b09f9255e312a965",
                "sha256:1a078f5dd7e99317098f0e0d490257fd0349d79363e8c923d5bb76428f318421",
                "sha256:e0f910f84b35c36a3513b96d816e6442ae138862257ae18a0019d2fc67b041dc",
                "sha256:aaec1cfd94f4f3e9a25e144d5b0ed1eb8a9596ec36d7318a504d813412563a85",
                "sha256:f923406e6b32c86309261b8195e24e18b6a8801df0cfc7814ac44017bfcb3939",
                "sha256:4329008a167fac233e398e8a600d1b91539dc33c5a3eadee84c0d4b04d4494fa",
                "sha256:3b791ddf2aefc56382aadc26ea5b352e86a2921e4e85c31c1f770f527eb06ce4",
                "sha256:379d97783ba8d2934d52221c833407f20ca287b36d949b4bba6c75274bcf6363",
                "sha256:1aa0b55a0eb1bd3fa82e704f44fb8f16e26702af1a073cc5030eea399e617b56",
                "sha256:ea36e19ac0a483eea239320aef0bd40702404ff8c7e42179a2d9d36c5afcb55c",
                "sha256:0f7f532f3c94e99545a29f4c3f05637f4d2713e7fd91b4dd8abfc18340b86cd5",
                "sha256:2874060b91e131ceeff00574b7c2140749c9355817a4ed498e82a4ffa308ecbc",
                "sha256:95a25d9f3449046ecbe9065be8f8380c03c56081bc5d41fe0fb964aaa30b2195",
                "sha256:79e5fe3ccd5144ae80777e12973027bd2f4f5e3ae8eb286cabe787bed9780138",
                "sha256:9576cb63897fbfa69df60f994082c3f4b8e6adb49cccb60efb2a80a208e6f996",
                "sha256:0ee4ed8b3ae8f5f712b0aa9ebd2858b5b232f1b9a96b0943dceb34df2a223bc3",
                "sha256:66f82819ff47fa67a11540da96966fb9245504b7f496034f534b81cacf333861",
                "sha256:b1c240d565e977d80c0083404c01e4d59c5772c977fae2c483f100567f50847b",
                "sha256:53a5b27e6b5717bdc0125338a822605084054c80f382051fb945d2c0e6899a20",
                "sha256:acb673eecbae089ea3be3dcf75bfe45fc8d4dcdc951e27d8691887963cf421c7",
                "sha256:b15bc8d2c2848a4a7c04f76c9b3dc3561e95d4dabc6b4f24bfabe5fd81a0b14f",
                "sha256:45813e0873bbb679334a161b28cb9606d9665e70561fd6caa8863e279b5e464b",
                "sha256:574f24b9805cb1c72d02b9f7749aa0cc0b81aa82571be5201aa1453190390ae5",
                "sha256:efabbcd4f406b532206b8801058c8bab9e79645b9880329253ae3322b7b02cd5",
                "sha256:83410258eb886f3456714eea4d4304db3a1fc8624623fc3f38a487ab36c0f653",
                "sha256:a424f048bebc4476620e77f3e4d1f282920cef9bc376ba16d0b8fe97eec87cde",
                "sha256:c595693de998461bcd49b8d20568c8870b3209b8ea323b2a7b0ea86d85864694",
                "sha256:ce3be5d520b4d2c3e5eeb4cd2ef62b9b9ab8ac6b6fedbaa0e39cdb6f50644278"
            ],
            "version": "==1.0.1"
        },
        "lammps-cython": {
            "hashes": [
                "sha256:7b722d0f566f99320a5cbd35541d83213be67a2257503526442a1e4b28dd925e"
            ],
            "version": "==0.5.7"
        },
        "latexcodec": {
            "hashes": [
                "sha256:3abc5cdbe4b6344c04a62db98bf30a2f3bc8f5bb9040296aafa39c8eeb737523",
                "sha256:9607d9d260654eb607c54a8b8c991e4406008605c383ded4f4034522dc0bad7d"
            ],
            "version": "==1.0.5"
        },
        "markupsafe": {
            "hashes": [
                "sha256:a6be69091dac236ea9c6bc7d012beab42010fa914c459791d627dad4910eb665"
            ],
            "version": "==1.0"
        },
        "matplotlib": {
            "hashes": [
                "sha256:6d232e49b74e3d2db22c63c25a9a0166d965e87e2b057f795487f1f244b61d9d",
                "sha256:3cc06333b8264428d02231804e2e726b902e9161dc16f573183dee6cb7ef621f",
                "sha256:16f0f8ba22df1e2c9f06c87088de45742322fde282a93b5c744c0f969cf7932e",
                "sha256:e2409ef9d37804dfb566f39c962e6ed70f281ff516b8131b3e6b4e6442711ff1",
                "sha256:50c0e24bcbce9c54346f4a2f4e97b0ed111f0413ac3fe9954061ae1c8aa7021f",
                "sha256:886b1045c5105631f10c1cbc999f910e44d33af3e9c7efd68c2123efc06ab636",
                "sha256:10a48e33e64dbd95f0776ba162f379c5cc55301c2d155506e79ce0c26b52f2ce",
                "sha256:2316dc177fc7b3d8848b49365498de0c385b4c9bba511edddd24c34fbe3d37a4",
                "sha256:b3a343dfcbe296dbe0f26c731beee72a792ff948407e6979524298ae7bc3234e",
                "sha256:4259ea7cb2c238355ee13275eddd261d869cefbdeb18a65f35459589d6d17def",
                "sha256:d93675af09ca497a25f4f8d62f3313cf0f21e45427a87487049fe84898b99909",
                "sha256:4addcf93234b6122f530f90f485fd3d00d158911fbc1ed24db3fa66cd49fe565",
                "sha256:0ba8e3ec1b0feddc6b068fe70dc38dcf2917e301ad8d2b3f848c14ad463a4157",
                "sha256:69f6d51e41a17f6a5f70c56bb10b8ded9f299609204495a7fa2782a3a755ffc5",
                "sha256:3398bfb533482bf21974cecf28224dd23784ad4e4848be582903f7a2436ec12e",
                "sha256:9e1f353edd7fc7e5e9101abd5bc0201946f77a1b59e0da49095086c03db856ed",
                "sha256:3477cb1e1061b34210acc43d20050be8444478ff50b8adfac5fe2b45fc97df01",
                "sha256:f8b653b0f89938ba72e92ab080c2f3aa24c1b72e2f61add22880cd1b9a6e3cdd",
                "sha256:1c6c999f2212858021329537f8e0f98f3f29086ec3683511dd1ecec84409f51d",
                "sha256:1376535fe731adbba55ab9e48896de226b7e89dbb55390c5fbd8f7161b7ae3be",
                "sha256:62ed7597d9e54db6e133420d779c642503c25eba390e1178d85dfb2ba0d05948",
                "sha256:7355bf757ecacd5f0ac9dd9523c8e1a1103faadf8d33c22664178e17533f8ce5"
            ],
            "version": "==2.2.3"
        },
        "mistune": {
            "hashes": [
                "sha256:b4c512ce2fc99e5a62eb95a4aba4b73e5f90264115c40b70a21e1f7d4e0eac91",
                "sha256:bc10c33bfdcaa4e749b779f62f60d6e12f8215c46a292d05e486b869ae306619"
            ],
            "version": "==0.8.3"
        },
        "monty": {
            "hashes": [
                "sha256:b0d731e1a07b0953d5e534c17b9c5d998dc21ca5eb28a2cbde8787cdded5a59a",
                "sha256:8b2b9ae3b3c77a17a49f86408b7ca35e5dd0eeee9e5208c1b7888df1b8e09976",
                "sha256:8cc68ee4717f2d306065679eba9bd13e40b40ac4b94937729effdd4ba21d948d"
            ],
            "version": "==1.0.3"
        },
        "mpi4py": {
            "hashes": [
                "sha256:6ac28f9f1c86d19c2a5907b59d496195f87680c1ffd6aa56d59a60c0e8caa925",
                "sha256:64c24fc4be52cb00257ec7de5fdef5a60050b1d0309ca8432324129527412379",
                "sha256:f6d1be1cf7e015f93d807eb59c294a140b139a11d59d218cc35e08fff938252a",
                "sha256:6c163158aa5b8fdd3baa4808e1c5fe31c934d8cf01626ada13a1b3b590bb6b9d",
                "sha256:29b67865e4652d312d647ce27c7b1f551fa9405b6e75f0f65af10bba59356fc2",
                "sha256:23891cd238bf2a43fa40fadd27d3c6be8cccae8aebd5900426041ab88dad4ce6",
                "sha256:6860f603cecf9fc1644ad11ece53ad038024af61ac09c6d80692c1ff13f4fe12",
                "sha256:aefde48f7d9670c7325b878a681c347e51ee46b5a7da242a0301cdd33f983de0",
                "sha256:37c442239da3dd038025e374d9f641d691e1a11efac60747e9b753addc5f6b77",
                "sha256:07ce2c7141febdc7b6b3381e6f17b4f4aae143623f00d3026ac5a8855aca05fc",
                "sha256:b457b02d85bdd9a4775a097fac5234a20397b43e073f14d9e29b6cd78c68efd7"
            ],
            "version": "==3.0.0"
        },
        "mpmath": {
            "hashes": [
                "sha256:04d14803b6875fe6d69e6dccea87d5ae5599802e4b1df7997bddd2024001050c"
            ],
            "version": "==1.0.0"
        },
        "nbconvert": {
            "hashes": [
                "sha256:260d390b989a647575b8ecae2cd06a9eaead10d396733d6e50185d5ebd08996e",
                "sha256:12b1a4671d4463ab73af6e4cbcc965b62254e05d182cd54995dda0d0ef9e2db9"
            ],
            "version": "==5.3.1"
        },
        "nbformat": {
            "hashes": [
                "sha256:b9a0dbdbd45bb034f4f8893cafd6f652ea08c8c1674ba83f2dc55d3955743b0b",
                "sha256:f7494ef0df60766b7cabe0a3651556345a963b74dbc16bc7c18479041170d402"
            ],
            "version": "==4.4.0"
        },
        "networkx": {
            "hashes": [
                "sha256:64272ca418972b70a196cb15d9c85a5a6041f09a2f32e0d30c0255f25d458bb1"
            ],
            "version": "==2.1"
        },
        "notebook": {
            "hashes": [
                "sha256:66dd59e76e755584ae9450eb015c39f55d4bb1d8ec68f2c694d2b3cba7bf5c7e",
                "sha256:e2c8e931cc19db4f8c63e6a396efbc13a228b2cb5b2919df011b946f28239a08"
            ],
            "version": "==5.6.0"
        },
        "numpy": {
            "hashes": [
                "sha256:5e359e9c531075220785603e5966eef20ccae9b3b6b8a06fdfb66c084361ce92",
                "sha256:419e6faee16097124ee627ed31572c7e80a1070efa25260b78097cca240e219a",
                "sha256:719b6789acb2bc86ea9b33a701d7c43dc2fc56d95107fd3c5b0a8230164d4dfb",
                "sha256:62d55e96ec7b117d3d5e618c15efcf769e70a6effaee5842857b64fb4883887a",
                "sha256:df0b02c6705c5d1c25cc35c7b5d6b6f9b3b30833f9d178843397ae55ecc2eebb",
                "sha256:dae8618c0bcbfcf6cf91350f8abcdd84158323711566a8c5892b5c7f832af76f",
                "sha256:a3bd01d6d3ed3d7c06d7f9979ba5d68281f15383fafd53b81aa44b9191047cf8",
                "sha256:1c362ad12dd09a43b348bb28dd2295dd9cdf77f41f0f45965e04ba97f525b864",
                "sha256:83b8fc18261b70f45bece2d392537c93dc81eb6c539a16c9ac994c47fc79f09a",
                "sha256:ce75ed495a746e3e78cfa22a77096b3bff2eda995616cb7a542047f233091268",
                "sha256:340ec1697d9bb3a9c464028af7a54245298502e91178bddb4c37626d36e197b7",
                "sha256:2156a06bd407918df4ac0122df6497a9c137432118f585e5b17d543e593d1587",
                "sha256:549f3e9778b148a47f4fb4682955ed88057eb627c9fe5467f33507c536deda9d",
                "sha256:378378973546ecc1dfaf9e24c160d683dd04df871ecd2dcc86ce658ca20f92c0",
                "sha256:35db8d419345caa4eeaa65cd63f34a15208acd87530a30f0bc25fc84f55c8c80",
                "sha256:4287104c24e6a09b9b418761a1e7b1bbde65105f110690ca46a23600a3c606b8",
                "sha256:7a70f2b60d48828cba94a54a8776b61a9c2657a803d47f5785f8062e3a9c7c55",
                "sha256:e3660744cda0d94b90141cdd0db9308b958a372cfeee8d7188fdf5ad9108ea82",
                "sha256:5ee7f3dbbdba0da75dec7e94bd7a2b10fe57a83e1b38e678200a6ad8e7b14fdc",
                "sha256:36e8dcd1813ca92ce7e4299120cee6c03adad33d89b54862c1b1a100443ac399",
                "sha256:9473ad28375710ab18378e72b59422399b27e957e9339c413bf00793b4b12df0",
                "sha256:c81a6afc1d2531a9ada50b58f8c36197f8418ef3d0611d4c1d7af93fdcda764f",
                "sha256:98b86c62c08c2e5dc98a9c856d4a95329d11b1c6058cb9b5191d5ea6891acd09",
                "sha256:24e4149c38489b51fc774b1e1faa9103e82f73344d7a00ba66f6845ab4769f3f",
                "sha256:95b085b253080e5d09f7826f5e27dce067bae813a132023a77b739614a29de6e",
                "sha256:361370e9b7f5e44c41eee29f2bb5cb3b755abb4b038bce6d6cbe08db7ff9cb74",
                "sha256:f2362d0ca3e16c37782c1054d7972b8ad2729169567e3f0f4e5dd3cdf85f188e",
                "sha256:7b9e37f194f8bcdca8e9e6af92e2cbad79e360542effc2dd6b98d63955d8d8a3"
            ],
            "version": "==1.15.1"
        },
        "palettable": {
            "hashes": [
                "sha256:7306d63c55216f66d5e5509aacda8bb51c5918debfd6bda4aac8d0940e1788a2",
                "sha256:0685b223a236bb7e2a900ef7a855ccf9a4027361c8acf400f3b350ea51870f80"
            ],
            "version": "==3.1.1"
        },
        "pandas": {
            "hashes": [
                "sha256:242e9900de758e137304ad4b5663c2eff0d798c2c3b891250bd0bd97144579da",
                "sha256:d785fc08d6f4207437e900ffead930a61e634c5e4f980ba6d3dc03c9581748c7",
                "sha256:be4715c9d8367e51dbe6bc6d05e205b1ae234f0dc5465931014aa1c4af44c1ba",
                "sha256:66b060946046ca27c0e03e9bec9bba3e0b918bafff84c425ca2cc2e157ce121e",
                "sha256:12e13d127ca1b585dd6f6840d3fe3fa6e46c36a6afe2dbc5cb0b57032c902e31",
                "sha256:4fd07a932b4352f8a8973761ab4e84f965bf81cc750fb38e04f01088ab901cb8",
                "sha256:de9559287c4fe8da56e8c3878d2374abc19d1ba2b807bfa7553e912a8e5ba87c",
                "sha256:f71f1a7e2d03758f6e957896ed696254e2bc83110ddbc6942018f1a232dd9dad",
                "sha256:26c903d0ae1542890cb9abadb4adcb18f356b14c2df46e4ff657ae640e3ac9e7",
                "sha256:bea90da782d8e945fccfc958585210d23de374fa9294a9481ed2abcef637ebfc",
                "sha256:2e1e88f9d3e5f107b65b59cd29f141995597b035d17cc5537e58142038942e1a",
                "sha256:6efa9fa6e1434141df8872d0fa4226fc301b17aacf37429193f9d70b426ea28f",
                "sha256:11975fad9edbdb55f1a560d96f91830e83e29bed6ad5ebf506abda09818eaf60",
                "sha256:fb944c8f0b0ab5c1f7846c686bc4cdf8cde7224655c12edcd59d5212cd57bec0",
                "sha256:f4f98b190bb918ac0bc0e3dd2ab74ff3573da9f43106f6dba6385406912ec00f",
                "sha256:647b3b916cc8f6aeba240c8171be3ab799c3c1b2ea179a3be0bd2712c4237553",
                "sha256:31b7a48b344c14691a8e92765d4023f88902ba3e96e2e4d0364d3453cdfd50db",
                "sha256:1c87fcb201e1e06f66e23a61a5fea9eeebfe7204a66d99df24600e3f05168051",
                "sha256:5b24ca47acf69222e82530e89111dd9d14f9b970ab2cd3a1c2c78f0c4fbba4f4"
            ],
            "version": "==0.23.4"
        },
        "pandocfilters": {
            "hashes": [
                "sha256:b3dd70e169bb5449e6bc6ff96aea89c5eea8c5f6ab5e207fc2f521a2cf4a0da9"
            ],
            "version": "==1.4.2"
        },
        "parso": {
            "hashes": [
                "sha256:895c63e93b94ac1e1690f5fdd40b65f07c8171e3e53cbd7793b5b96c0e0a7f24",
                "sha256:35704a43a3c113cce4de228ddb39aab374b8004f4f2407d070b6a2ca784ce8a2"
            ],
            "version": "==0.3.1"
        },
        "pexpect": {
            "hashes": [
                "sha256:3fbd41d4caf27fa4a377bfd16fef87271099463e6fa73e92a52f92dfee5d425b",
                "sha256:2a8e88259839571d1251d278476f3eec5db26deb73a70be5ed5dc5435e418aba"
            ],
            "markers": "sys_platform != 'win32'",
            "version": "==4.6.0"
        },
        "pickleshare": {
            "hashes": [
                "sha256:c9a2541f25aeabc070f12f452e1f2a8eae2abd51e1cd19e8430402bdf4c1d8b5",
                "sha256:84a9257227dfdd6fe1b4be1319096c20eb85ff1e82c7932f36efccfe1b09737b"
            ],
            "version": "==0.7.4"
        },
        "pillow": {
            "hashes": [
                "sha256:4fda62030f2c515b6e2e673c57caa55cb04026a81968f3128aae10fc28e5cc27",
                "sha256:79258a8df3e309a54c7ef2ef4a59bb8e28f7e4a8992a3ad17c24b1889ced44f3",
                "sha256:5044d75a68b49ce36a813c82d8201384207112d5d81643937fc758c05302f05b",
                "sha256:3832e26ecbc9d8a500821e3a1d3765bda99d04ae29ffbb2efba49f5f788dc934",
                "sha256:24adccf1e834f82718c7fc8e3ec1093738da95144b8b1e44c99d5fc7d3e9c554",
                "sha256:f63e420180cbe22ff6e32558b612e75f50616fc111c5e095a4631946c782e109",
                "sha256:03eb0e04f929c102ae24bc436bf1c0c60a4e63b07ebd388e84d8b219df3e6acd",
                "sha256:22cf3406d135cfcc13ec6228ade774c8461e125c940e80455f500638429be273",
                "sha256:026449b64e559226cdb8e6d8c931b5965d8fc90ec18ebbb0baa04c5b36503c72",
                "sha256:e2bed4a04e2ca1050bb5f00865cf2f83c0b92fd62454d9244f690fcd842e27a4",
                "sha256:4fd1f0c2dc02aaec729d91c92cd85a2df0289d88e9f68d1e8faba750bb9c4786",
                "sha256:6661a7908d68c4a133e03dac8178287aa20a99f841ea90beeb98a233ae3fd710",
                "sha256:1e977a3ed998a599bda5021fb2c2889060617627d3ae228297a529a082a3cd5c",
                "sha256:7d74c20b8f1c3e99d3f781d3b8ff5abfefdd7363d61e23bdeba9992ff32cc4b4",
                "sha256:8194d913ca1f459377c8a4ed8f9b7ad750068b8e0e3f3f9c6963fcc87a84515f",
                "sha256:03dbb224ee196ef30ed2156d41b579143e1efeb422974719a5392fc035e4f574",
                "sha256:00def5b638994f888d1058e4d17c86dec8e1113c3741a0a8a659039aec59a83a",
                "sha256:989981db57abffb52026b114c9a1f114c7142860a6d30a352d28f8cbf186500b",
                "sha256:e87a527c06319428007e8c30511e1f0ce035cb7f14bb4793b003ed532c3b9333",
                "sha256:5914cff11f3e920626da48e564be6818831713a3087586302444b9c70e8552d9",
                "sha256:1be66b9a89e367e7d20d6cae419794997921fe105090fafd86ef39e20a3baab2",
                "sha256:c5dcb5a56aebb8a8f2585042b2f5c496d7624f0bcfe248f0cc33ceb2fd8d39e7",
                "sha256:a3d7511d3fad1618a82299aab71a5fceee5c015653a77ffea75ced9ef917e71a",
                "sha256:2a3e362c97a5e6a259ee9cd66553292a1f8928a5bdfa3622fdb1501570834612",
                "sha256:b3ef168d4d6fd4fa6685aef7c91400f59f7ab1c0da734541f7031699741fb23f",
                "sha256:522184556921512ec484cb93bd84e0bab915d0ac5a372d49571c241a7f73db62",
                "sha256:81918afeafc16ba5d9d0d4e9445905f21aac969a4ebb6f2bff4b9886da100f4b",
                "sha256:84d5d31200b11b3c76fab853b89ac898bf2d05c8b3da07c1fcc23feb06359d6e",
                "sha256:c1c5792b6e74bbf2af0f8e892272c2a6c48efa895903211f11b8342e03129fea",
                "sha256:452d159024faf37cc080537df308e8fa0026076eb38eb75185d96ed9642bd6d7",
                "sha256:091a0656688d85fd6e10f49a73fa3ab9b37dbfcb2151f5a3ab17f8b879f467ee",
                "sha256:dcdc9cd9880027688007ff8f7c8e7ae6f24e81fae33bfd18d1e691e7bda4855f",
                "sha256:acb90eb6c7ed6526551a78211d84c81e33082a35642ff5fe57489abc14e6bf6e",
                "sha256:f8582e1ab155302ea9ef1235441a0214919f4f79c4c7c21833ce9eec58181781",
                "sha256:d16f90810106822833a19bdb24c7cb766959acf791ca0edf5edfec674d55c8ee",
                "sha256:ebcfc33a6c34984086451e230253bc33727bd17b4cdc4b39ec03032c3a6fc9e9",
                "sha256:791f07fe13937e65285f9ef30664ddf0e10a0230bdb236751fa0ca67725740dd",
                "sha256:a4a6ac01b8c2f9d2d83719f193e6dea493e18445ce5bfd743d739174daa974d9",
                "sha256:e2807aad4565d8de15391a9548f97818a14ef32624015c7bf3095171e314445e",
                "sha256:f8b3d413c5a8f84b12cd4c5df1d8e211777c9852c6be3ee9c094b626644d3eab",
                "sha256:087b0551ce2d19b3f092f2b5f071a065f7379e748867d070b29999cc83db15e3",
                "sha256:3709339f4619e8c9b00f53079e40b964f43c5af61fb89a923fe24437167298bb",
                "sha256:3518f9fc666cbc58a5c1f48a6a23e9e6ceef69665eab43cdad5144de9383e72c",
                "sha256:1c5e93c40d4ce8cb133d3b105a869be6fa767e703f6eb1003eb4b90583e08a59",
                "sha256:114398d0e073b93e1d7da5b5ab92ff4b83c0180625c8031911425e51f4365d2e",
                "sha256:f7717eb360d40e7598c30cc44b33d98f79c468d9279379b66c1e28c568e0bf47",
                "sha256:653d48fe46378f40e3c2b892be88d8440efbb2c9df78559da44c63ad5ecb4142",
                "sha256:0f3e2d0a9966161b7dfd06d147f901d72c3a88ea1a833359b92193b8e1f68e1c",
                "sha256:6735a7e560df6f0deb78246a6fe056cf2ae392ba2dc060ea8a6f2535aec924f1",
                "sha256:6d26a475a19cb294225738f5c974b3a24599438a67a30ed2d25638f012668026"
            ],
            "version": "==5.2.0"
        },
        "prometheus-client": {
            "hashes": [
                "sha256:17bc24c09431644f7c65d7bce9f4237252308070b6395d6d8e87767afe867e24"
            ],
            "version": "==0.3.1"
        },
        "prompt-toolkit": {
            "hashes": [
                "sha256:3f473ae040ddaa52b52f97f6b4a493cfa9f5920c255a12dc56a7d34397a398a4",
                "sha256:1df952620eccb399c53ebb359cc7d9a8d3a9538cb34c5a1344bdbeb29fbcc381",
                "sha256:858588f1983ca497f1cf4ffde01d978a3ea02b01c8a26a8bbc5cd2e66d816917"
            ],
            "version": "==1.0.15"
        },
        "ptyprocess": {
            "hashes": [
                "sha256:d7cc528d76e76342423ca640335bd3633420dc1366f258cb31d05e865ef5ca1f",
                "sha256:923f299cc5ad920c68f2bc0bc98b75b9f838b93b599941a6b63ddbc2476394c0"
            ],
            "version": "==0.6.0"
        },
        "pybtex": {
            "hashes": [
                "sha256:af8a6c7c74954ad305553b118d2757f68bc77c5dd5d5de2cc1fd16db90046000"
            ],
            "version": "==0.21"
        },
        "pydispatcher": {
            "hashes": [
                "sha256:5570069e1b1769af1fe481de6dd1d3a388492acddd2cdad7a3bde145615d5caf",
                "sha256:5be4a8be12805ef7d712dd9a93284fb8bc53f309867e573f653a72e5fd10e433"
            ],
            "version": "==2.0.5"
        },
        "pygments": {
            "hashes": [
                "sha256:78f3f434bcc5d6ee09020f92ba487f95ba50f1e3ef83ae96b9d5ffa1bab25c5d",
                "sha256:dbae1046def0efb574852fab9e90209b23f556367b5a320c0bcb871c77c3e8cc"
            ],
            "version": "==2.2.0"
        },
        "pymatgen": {
            "hashes": [
                "sha256:35ccaf27f201577523147db57886f8527ea1fb5b0c85dfaad61af5548aec50d1",
                "sha256:79f01c3f925429d1a3cf4080758958f416199cc3dd4c59448d5f4d34da0ba40f",
                "sha256:dee5dbd8008081de9f27759c20c550d09a07136eeebfe941e3d05fd88ccace18"
            ],
            "version": "==2018.9.1"
        },
        "pyparsing": {
            "hashes": [
                "sha256:fee43f17a9c4087e7ed1605bd6df994c6173c1e977d7ade7b651292fab2bd010",
                "sha256:0832bcf47acd283788593e7a0f542407bd9550a55a8a8435214a1960e04bcb04",
                "sha256:9e8143a3e15c13713506886badd96ca4b579a87fbdf49e550dbfc057d6cb218e",
                "sha256:281683241b25fe9b80ec9d66017485f6deff1af5cde372469134b56ca8447a07",
                "sha256:b8b3117ed9bdf45e14dcc89345ce638ec7e0e29b2b579fa1ecf32ce45ebac8a5",
                "sha256:8f1e18d3fd36c6795bb7e02a39fd05c611ffc2596c1e0d995d34d67630426c18",
                "sha256:e4d45427c6e20a59bf4f88c639dcc03ce30d193112047f94012102f235853a58"
            ],
            "version": "==2.2.0"
        },
        "python-dateutil": {
            "hashes": [
                "sha256:1adb80e7a782c12e52ef9a8182bebeb73f1d7e24e374397af06fb4956c8dc5c0",
                "sha256:e27001de32f627c22380a688bcc43ce83504a7bc5da472209b4c70f02829f0b8"
            ],
            "version": "==2.7.3"
        },
        "pytz": {
            "hashes": [
                "sha256:a061aa0a9e06881eb8b3b2b43f05b9439d6583c206d0a6c340ff72a7b6669053",
                "sha256:ffb9ef1de172603304d9d2819af6f5ece76f2e85ec10692a524dd876e72bf277"
            ],
            "version": "==2018.5"
        },
        "pyyaml": {
            "hashes": [
                "sha256:d5eef459e30b09f5a098b9cea68bebfeb268697f78d647bd255a085371ac7f3f",
                "sha256:e01d3203230e1786cd91ccfdc8f8454c8069c91bee3962ad93b87a4b2860f537",
                "sha256:558dd60b890ba8fd982e05941927a3911dc409a63dcb8b634feaa0cda69330d3",
                "sha256:d46d7982b62e0729ad0175a9bc7e10a566fc07b224d2c79fafb5e032727eaa04",
                "sha256:a7c28b45d9f99102fa092bb213aa12e0aaf9a6a1f5e395d36166639c1f96c3a1",
                "sha256:bc558586e6045763782014934bfaf39d48b8ae85a2713117d16c39864085c613",
                "sha256:40c71b8e076d0550b2e6380bada1f1cd1017b882f7e16f09a65be98e017f211a",
                "sha256:3d7da3009c0f3e783b2c873687652d83b1bbfd5c88e9813fb7e5b03c0dd3108b",
                "sha256:e170a9e6fcfd19021dd29845af83bb79236068bf5fd4df3327c1be18182b2531",
                "sha256:aa7dd4a6a427aed7df6fb7f08a580d68d9b118d90310374716ae90b710280af1",
                "sha256:3ef3092145e9b70e3ddd2c7ad59bdd0252a94dfe3949721633e41344de00a6bf"
            ],
            "version": "==3.13"
        },
        "pyzmq": {
            "hashes": [
                "sha256:e9767c7ab2eb552796440168d5c6e23a99ecaade08dda16266d43ad461730192",
                "sha256:25a0715c8f69cf72f67cfe5a68a3f3ed391c67c063d2257bec0fe7fc2c7f08f8",
                "sha256:6f88591a8b246f5c285ee6ce5c1bf4f6bd8464b7f090b1333a446b6240a68d40",
                "sha256:ab136ac51027e7c484c53138a0fab4a8a51e80d05162eb7b1585583bcfdbad27",
                "sha256:a02a4a385e394e46012dc83d2e8fd6523f039bb52997c1c34a2e0dd49ed839c1",
                "sha256:c5cc52d16c06dc2521340d69adda78a8e1031705924e103c0eb8fc8af861d810",
                "sha256:d612e9833a89e8177f8c1dc68d7b4ff98d3186cd331acd616b01bbdab67d3a7b",
                "sha256:ebf8b800d42d217e4710d1582b0c8bff20cdcb4faad7c7213e52644034300924",
                "sha256:9ba650f493a9bc1f24feca1d90fce0e5dd41088a252ac9840131dfbdbf3815ca",
                "sha256:65f0a4afae59d4fc0aad54a917ab599162613a761b760ba167d66cc646ac3786",
                "sha256:e828376a23c66c6fe90dcea24b4b72cd774f555a6ee94081670872918df87a19",
                "sha256:4b8c48a9a13cea8f1f16622f9bd46127108af14cd26150461e3eab71e0de3e46",
                "sha256:55724997b4a929c0d01b43c95051318e26ddbae23565018e138ae2dc60187e59",
                "sha256:41219ae72b3cc86d97557fe5b1ef5d1adc1057292ec597b50050874a970a39cf",
                "sha256:c095b224300bcac61e6c445e27f9046981b1ac20d891b2f1714da89d34c637c8",
                "sha256:32c7ca9fc547a91e3c26fc6080b6982e46e79819e706eb414dd78f635a65d946",
                "sha256:2bab63759632c6b9e0d5bf19cc63c3b01df267d660e0abcf230cf0afaa966349",
                "sha256:7b60c045b80709e4e3c085bab9b691e71761b44c2b42dbb047b8b498e7bc16b3",
                "sha256:8e6af2f736734aef8ed6f278f9f552ec7f37b1a6b98e59b887484a840757f67d",
                "sha256:76ea493bfab18dcb090d825f3662b5612e2def73dffc196d51a5194b0294a81d",
                "sha256:30ab49d99b24bf0908ebe1cdfa421720bfab6f93174e4883075b7ff38cc555ba",
                "sha256:a3ceee84114d9f5711fa0f4db9c652af0e4636c89eabc9b7f03a3882569dd1ed",
                "sha256:75022a4c60dcd8765bb9ca32f6de75a0ec83b0d96e0309dc479f4c7b21f26cb7",
                "sha256:9ac2298e486524331e26390eac14e4627effd3f8e001d4266ed9d8f1d2d31cce",
                "sha256:a72b82ac1910f2cf61a49139f4974f994984475f771b0faa730839607eeedddf"
            ],
            "version": "==17.1.2"
        },
        "requests": {
            "hashes": [
                "sha256:63b52e3c866428a224f97cab011de738c36aec0185aa91cfacd418b5d58911d1",
                "sha256:ec22d826a36ed72a7358ff3fe56cbd4ba69dd7a6718ffd450ff0e9df7a47ce6a"
            ],
            "version": "==2.19.1"
        },
        "ruamel.yaml": {
            "hashes": [
                "sha256:3a2ae6ac6f1cd7e26dd1c7a5249080ff269a903e43c237e575239bc42c85d65c",
                "sha256:aef5a5816680f4c77f872f7f805bbbafc813e9c9cb3405cc9b7507c1680fe7d3",
                "sha256:fae2d856c8542a5b5684f1c8f36c538a965068dda39d25a3a82373f05fcf2983",
                "sha256:6719c43f0fb41436759823a7c01258152d18e5f8368e89cd5b1eda5e03734403",
                "sha256:7a42648c994e99a0b59237f1c10eafeb08475db09ecabf92cd1176693782cd23",
                "sha256:37dc87cd78bb6160606dfbd2b015015cf1441872133950ecb4a837a90d694670",
                "sha256:36f26a9788f005b70e5f8dd4b42588032f3290884955a19ea21339dd7a2a91bd",
                "sha256:8bd4c97e44514f1d977576799fdd8e8f2b2654a4cd52c0d91c8b7e1c6bcea9ed",
                "sha256:f1c55e2422ff879dbc6751fbd05a38455a7f870351afff29bcc38df336c3b86c",
                "sha256:42765a674a5ab4dd7bd6de837c93f2911f6114bb040a07a71379b1577b3b2e36",
                "sha256:fa77530ae18c8e4f1b6596eb77a1cdcbac16f400ef6b48ada0c803533deb5c60",
                "sha256:cdce01701ad52a3771393db7feac7d41caa083ba683bd3f16f6647347cab2387",
                "sha256:aec20e594f604f13e6bd44fff42bfa865ff04b22e93722fc4f744a97bb0bc9cf",
                "sha256:aa0ca65adf6dfb511e1de9adb04d64a65b7bf2cc007cd942caaa9a004b43dfeb",
                "sha256:ebbb6527bf12df4835cf7ab001736ba7af657cbf8814354e36e0b8267fb433ca",
                "sha256:66692fc9608c3d7002d5502dea45d3c81fb6158781f65de4d984af41a2e800c8",
                "sha256:6cc5d81f3dac5bf0d387df68dd973bee80ded42f1f83474e59e948450646a805",
                "sha256:f9e07c9ba68a94e8b075e1ecf004c211db864246fc65ddf66976b38e82a5242b",
                "sha256:7d276cfbbf2a373d6cd02263509b1435ecb7725143a7d3e0bf627f9f3de39bc7",
                "sha256:b7fbb5574c8e87e5acc4cb201ca84a1cfb8b967543dd7861fb20743977ea0701",
                "sha256:f6c372edc30b25b884b4bd7556c4eb5b426516e44bf5856601ec5642ffa36905",
                "sha256:57f7578af7a71a562d64f78c4a72589d55d471650c19f0fc54e0d2e6c7e5f1f5"
            ],
            "version": "==0.15.64"
        },
        "scipy": {
            "hashes": [
                "sha256:340ef70f5b0f4e2b4b43c8c8061165911bc6b2ad16f8de85d9774545e2c47463",
                "sha256:c22b27371b3866c92796e5d7907e914f0e58a36d3222c5d436ddd3f0e354227a",
                "sha256:d8491d4784aceb1f100ddb8e31239c54e4afab8d607928a9f7ef2469ec35ae01",
                "sha256:8190770146a4c8ed5d330d5b5ad1c76251c63349d25c96b3094875b930c44692",
                "sha256:08237eda23fd8e4e54838258b124f1cd141379a5f281b0a234ca99b38918c07a",
                "sha256:dfc5080c38dde3f43d8fbb9c0539a7839683475226cf83e4b24363b227dfe552",
                "sha256:e7a01e53163818d56eabddcafdc2090e9daba178aad05516b20c6591c4811020",
                "sha256:0e645dbfc03f279e1946cf07c9c754c2a1859cb4a41c5f70b25f6b3a586b6dbd",
                "sha256:f0521af1b722265d824d6ad055acfe9bd3341765735c44b5a4d0069e189a0f40",
                "sha256:3b243c77a822cd034dad53058d7c2abf80062aa6f4a32e9799c95d6391558631",
                "sha256:8f841bbc21d3dad2111a94c490fb0a591b8612ffea86b8e5571746ae76a3deac",
                "sha256:ee677635393414930541a096fc8e61634304bb0153e4e02b75685b11eba14cae",
                "sha256:423b3ff76957d29d1cce1bc0d62ebaf9a3fdfaf62344e3fdec14619bb7b5ad3a",
                "sha256:0611ee97296265af4a21164a5323f8c1b4e8e15c582d3dfa7610825900136bb7",
                "sha256:108c16640849e5827e7d51023efb3bd79244098c3f21e4897a1007720cb7ce37",
                "sha256:3ad73dfc6f82e494195144bd3a129c7241e761179b7cb5c07b9a0ede99c686f3",
                "sha256:d0cdd5658b49a722783b8b4f61a6f1f9c75042d0e29a30ccb6cacc9b25f6d9e2",
                "sha256:e24e22c8d98d3c704bb3410bce9b69e122a8de487ad3dbfe9985d154e5c03a40",
                "sha256:404a00314e85eca9d46b80929571b938e97a143b4f2ddc2b2b3c91a4c4ead9c5",
                "sha256:729f8f8363d32cebcb946de278324ab43d28096f36593be6281ca1ee86ce6559",
                "sha256:0e9bb7efe5f051ea7212555b290e784b82f21ffd0f655405ac4f87e288b730b3",
                "sha256:698c6409da58686f2df3d6f815491fd5b4c2de6817a45379517c92366eea208f",
                "sha256:42d9149a2fff7affdd352d157fa5717033767857c11bd55aa4a519a44343dfef",
                "sha256:d40dc7f494b06dcee0d303e51a00451b2da6119acbeaccf8369f2d29e28917ac",
                "sha256:8b984f0821577d889f3c7ca8445564175fb4ac7c7f9659b7c60bef95b2b70e76",
                "sha256:f25c281f12c0da726c6ed00535ca5d1622ec755c30a3f8eafef26cf43fede694",
                "sha256:625f25a6b7d795e8830cb70439453c9f163e6870e710ec99eba5722775b318f3",
                "sha256:878352408424dffaa695ffedf2f9f92844e116686923ed9aa8626fc30d32cfd1"
            ],
            "version": "==1.1.0"
        },
        "send2trash": {
            "hashes": [
                "sha256:f1691922577b6fa12821234aeb57599d887c4900b9ca537948d2dac34aea888b",
                "sha256:60001cc07d707fe247c94f74ca6ac0d3255aabcb930529690897ca2a39db28b2"
            ],
            "version": "==1.5.0"
        },
        "simplegeneric": {
            "hashes": [
                "sha256:dc972e06094b9af5b855b3df4a646395e43d1c9d0d39ed345b7393560d0b9173"
            ],
            "version": "==0.8.1"
        },
        "six": {
            "hashes": [
                "sha256:832dc0e10feb1aa2c68dcc57dbb658f1c7e65b9b61af69048abc87a2db00a0eb",
                "sha256:70e8a77beed4562e7f14fe23a786b54f6296e34344c23bc42f07b15018ff98e9"
            ],
            "version": "==1.11.0"
        },
        "spglib": {
            "hashes": [
                "sha256:c5612536f4b071ff19e0f70c27d9710b934d34bb068c568df56faf33ac11812a",
                "sha256:46da29e353d72d83e3a56c8f915bf4f30f03177d58ee8485384d2b3fab644c4e",
                "sha256:1174097eaa344d7ef7d53a0a606d383e56e04cfe69c81192ba5559a2fe538c53",
                "sha256:81f47764705bfc5f6027070a94271cf6cd75bd5aa04f3bc3360e5085503e5115",
                "sha256:e401b0db4596a14f0992c47d50cb2a50ebb26778db3e331c0da680134aa007cd",
                "sha256:cd0fbec68c50a72a010afa89e7c401749684117a0a2a168c8d4a880292673230",
                "sha256:66fc292ee208f08e7e2ca69b450a2f6c15a6f8284d6e1a1a1e923e132c171796",
                "sha256:6b519148da8397ea5246e5393c527a1ee56ef95253f4d777c3a2c5d658e1264d",
                "sha256:5530e147ecf4401d4ca3b8ca61830185a9f01d33132a0edeabef6ec3ba5c3600",
                "sha256:783a2ba764d3f408c2c1fd60a84547e23dc8802928e0eec7a3a59289285af065",
                "sha256:13b0a227d2dc4079fe36d5bcce4e672400c7c5dfc5d3cd25ccb9521ef592d93e"
            ],
            "version": "==1.10.4.11"
        },
        "sympy": {
            "hashes": [
                "sha256:286ca070d72e250861dea7a21ab44f541cb2341e8268c70264cf8642dbd9225f"
            ],
            "version": "==1.2"
        },
        "tabulate": {
            "hashes": [
                "sha256:e4ca13f26d0a6be2a2915428dc21e732f1e44dad7f76d7030b2ef1ec251cf7f2"
            ],
            "version": "==0.8.2"
        },
        "terminado": {
            "hashes": [
                "sha256:65011551baff97f5414c67018e908110693143cfbaeb16831b743fe7cad8b927",
                "sha256:55abf9ade563b8f9be1f34e4233c7b7bde726059947a593322e8a553cc4c067a"
            ],
            "version": "==0.8.1"
        },
        "testpath": {
            "hashes": [
                "sha256:039fa6a6c9fd3488f8336d23aebbfead5fa602c4a47d49d83845f55a595ec1b4",
                "sha256:0d5337839c788da5900df70f8e01015aec141aa3fe7936cb0d0a2953f7ac7609"
            ],
            "version": "==0.3.1"
        },
        "tornado": {
            "hashes": [
                "sha256:d8984742ce86c0855cccecd5c6f54a9f7532c983947cff06f3a0e2115b47f85c",
                "sha256:6a7e8657618268bb007646b9eae7661d0b57f13efc94faa33cd2588eae5912c9",
                "sha256:5327ba1a6c694e0149e7d9126426b3704b1d9d520852a3e4aa9fc8fe989e4046",
                "sha256:a9b14804783a1d77c0bd6c66f7a9b1196cbddfbdf8bceb64683c5ae60bd1ec6f",
                "sha256:c58757e37c4a3172949c99099d4d5106e4d7b63aa0617f9bb24bfbff712c7866",
                "sha256:1c0816fc32b7d31b98781bd8ebc7a9726d7dce67407dc353a2e66e697e138448",
                "sha256:4f66a2172cb947387193ca4c2c3e19131f1c70fa8be470ddbbd9317fd0801582"
            ],
            "version": "==5.1"
        },
        "traitlets": {
            "hashes": [
                "sha256:c6cb5e6f57c5a9bdaa40fa71ce7b4af30298fbab9ece9815b5d995ab6217c7d9",
                "sha256:9c4bd2d267b7153df9152698efb1050a5d84982d3384a37b2c1f7723ba3e7835"
            ],
            "version": "==4.3.2"
        },
        "traittypes": {
            "hashes": [
                "sha256:1340af133810b6eee1a2eb2e988f862b0d12b6c2d16f282aaf3207b782134c2e",
                "sha256:be6fa26294733e7489822ded4ae25da5b4824a8a7a0e0c2dccfde596e3489bd6"
            ],
            "version": "==0.2.1"
        },
        "urllib3": {
            "hashes": [
                "sha256:b5725a0bd4ba422ab0e66e89e030c806576753ea3ee08554382c14e685d117b5",
                "sha256:a68ac5e15e76e7e5dd2b8f94007233e01effe3e50e8daddf69acfd81cb686baf"
            ],
            "version": "==1.23"
        },
        "wcwidth": {
            "hashes": [
                "sha256:f4ebe71925af7b40a864553f761ed559b43544f8f71746c2d756c7fe788ade7c",
                "sha256:3df37372226d6e63e1b1e1eda15c594bca98a22d33a23832a90998faa96bc65e"
            ],
            "version": "==0.1.7"
        },
        "webencodings": {
            "hashes": [
                "sha256:a0af1213f3c2226497a97e2b3aa01a7e4bee4f403f95be16fc9acd2947514a78",
                "sha256:b36a1c245f2d304965eb4e0a82848379241dc04b865afcc4aab16748587e1923"
            ],
            "version": "==0.5.1"
        },
        "widgetsnbextension": {
            "hashes": [
                "sha256:bd2a92a68cb783b33abb47a23e0d1d9638c0d250a0d17633c262172d76641dd8",
                "sha256:8b3b32f522507744096609bc9a36cc0cc83fe8b61ba16f16eebb83d7d79e2686"
            ],
            "version": "==3.4.1"
        }
    },
    "develop": {}
}
